
Microsoft Visual Studio Solution File, Format Version 11.00
# Visual Studio 2010
Project("{FAE04EC0-301F-11D3-BF4B-00C04F79EFBC}") = "FBLogin", "FBLogin\FBLogin.csproj", "{5ACA760F-6F98-4D19-B484-F2D48622DE33}"
EndProject
Global
	GlobalSection(SolutionConfigurationPlatforms) = preSolution
		Debug|Any CPU = Debug|Any CPU
		Release|Any CPU = Release|Any CPU
	EndGlobalSection
	GlobalSection(ProjectConfigurationPlatforms) = postSolution
		{5ACA760F-6F98-4D19-B484-F2D48622DE33}.Debug|Any CPU.ActiveCfg = Debug|Any CPU
		{5ACA760F-6F98-4D19-B484-F2D48622DE33}.Debug|Any CPU.Build.0 = Debug|Any CPU
		{5ACA760F-6F98-4D19-B484-F2D48622DE33}.Release|Any CPU.ActiveCfg = Release|Any CPU
		{5ACA760F-6F98-4D19-B484-F2D48622DE33}.Release|Any CPU.Build.0 = Release|Any CPU
	EndGlobalSection
	GlobalSection(SolutionProperties) = preSolution
		HideSolutionNode = FALSE
	EndGlobalSection
EndGlobal
